
Microsoft Visual Studio Solution File, Format Version 12.00
# Visual Studio Version 17
VisualStudioVersion = 17.7.34202.233
MinimumVisualStudioVersion = 10.0.40219.1
Project("{FAE04EC0-301F-11D3-BF4B-00C04F79EFBC}") = "HauntedWasteland", "HauntedWasteland.csproj", "{A960FD20-B306-4F81-9204-F677F51FF9AA}"
EndProject
Global
	GlobalSection(SolutionConfigurationPlatforms) = preSolution
		Debug|Any CPU = Debug|Any CPU
		Release|Any CPU = Release|Any CPU
	EndGlobalSection
	GlobalSection(ProjectConfigurationPlatforms) = postSolution
		{A960FD20-B306-4F81-9204-F677F51FF9AA}.Debug|Any CPU.ActiveCfg = Debug|Any CPU
		{A960FD20-B306-4F81-9204-F677F51FF9AA}.Debug|Any CPU.Build.0 = Debug|Any CPU
		{A960FD20-B306-4F81-9204-F677F51FF9AA}.Release|Any CPU.ActiveCfg = Release|Any CPU
		{A960FD20-B306-4F81-9204-F677F51FF9AA}.Release|Any CPU.Build.0 = Release|Any CPU
	EndGlobalSection
	GlobalSection(SolutionProperties) = preSolution
		HideSolutionNode = FALSE
	EndGlobalSection
	GlobalSection(ExtensibilityGlobals) = postSolution
		SolutionGuid = {A2E95B7A-433D-4DB3-AB7F-753448A6F20C}
	EndGlobalSection
EndGlobal
