
Microsoft Visual Studio Solution File, Format Version 12.00
# Visual Studio Version 17
VisualStudioVersion = 17.7.34202.233
MinimumVisualStudioVersion = 10.0.40219.1
Project("{FAE04EC0-301F-11D3-BF4B-00C04F79EFBC}") = "WaitForIt", "WaitForIt.csproj", "{90DAC28C-11AB-4153-8E79-1FF99A2FA13F}"
EndProject
Global
	GlobalSection(SolutionConfigurationPlatforms) = preSolution
		Debug|Any CPU = Debug|Any CPU
		Release|Any CPU = Release|Any CPU
	EndGlobalSection
	GlobalSection(ProjectConfigurationPlatforms) = postSolution
		{90DAC28C-11AB-4153-8E79-1FF99A2FA13F}.Debug|Any CPU.ActiveCfg = Debug|Any CPU
		{90DAC28C-11AB-4153-8E79-1FF99A2FA13F}.Debug|Any CPU.Build.0 = Debug|Any CPU
		{90DAC28C-11AB-4153-8E79-1FF99A2FA13F}.Release|Any CPU.ActiveCfg = Release|Any CPU
		{90DAC28C-11AB-4153-8E79-1FF99A2FA13F}.Release|Any CPU.Build.0 = Release|Any CPU
	EndGlobalSection
	GlobalSection(SolutionProperties) = preSolution
		HideSolutionNode = FALSE
	EndGlobalSection
	GlobalSection(ExtensibilityGlobals) = postSolution
		SolutionGuid = {B2B6F8FF-C95A-4336-B95D-6266E46BC2E4}
	EndGlobalSection
EndGlobal
