
Microsoft Visual Studio Solution File, Format Version 12.00
# Visual Studio Version 17
VisualStudioVersion = 17.10.35013.160
MinimumVisualStudioVersion = 10.0.40219.1
Project("{FAE04EC0-301F-11D3-BF4B-00C04F79EFBC}") = "DiskFragmenter", "DiskFragmenter.csproj", "{119FCE92-3AAD-475D-8D71-61C2C42716A4}"
EndProject
Global
	GlobalSection(SolutionConfigurationPlatforms) = preSolution
		Debug|Any CPU = Debug|Any CPU
		Release|Any CPU = Release|Any CPU
	EndGlobalSection
	GlobalSection(ProjectConfigurationPlatforms) = postSolution
		{119FCE92-3AAD-475D-8D71-61C2C42716A4}.Debug|Any CPU.ActiveCfg = Debug|Any CPU
		{119FCE92-3AAD-475D-8D71-61C2C42716A4}.Debug|Any CPU.Build.0 = Debug|Any CPU
		{119FCE92-3AAD-475D-8D71-61C2C42716A4}.Release|Any CPU.ActiveCfg = Release|Any CPU
		{119FCE92-3AAD-475D-8D71-61C2C42716A4}.Release|Any CPU.Build.0 = Release|Any CPU
	EndGlobalSection
	GlobalSection(SolutionProperties) = preSolution
		HideSolutionNode = FALSE
	EndGlobalSection
	GlobalSection(ExtensibilityGlobals) = postSolution
		SolutionGuid = {7085FD0E-0F8B-48CB-982C-D8B9C830CB54}
	EndGlobalSection
EndGlobal
